dependencies:
- name: mysql
  repository: https://charts.bitnami.com/bitnami
  version: 6.14.10
- name: seq
  repository: https://kubernetes-charts.storage.googleapis.com
  version: 2.3.0
digest: sha256:0d7eef6f8063d5870dd14df399057c3a53482c6539d41bbbed9c1b5758fc4838
generated: "2020-10-21T09:54:43.6093414+02:00"
